
Microsoft Visual Studio Solution File, Format Version 12.00
# Visual Studio Version 17
VisualStudioVersion = 17.8.34330.188
MinimumVisualStudioVersion = 10.0.40219.1
Project("{FAE04EC0-301F-11D3-BF4B-00C04F79EFBC}") = "PrescripshunServer", "PrescripshunServer\PrescripshunServer.csproj", "{E63C31FB-078E-4935-8AA6-8BBB34957C1A}"
EndProject
Project("{FAE04EC0-301F-11D3-BF4B-00C04F79EFBC}") = "PrescripshunClient", "PrescripshunClient\PrescripshunClient.csproj", "{428BCDAE-730F-43EA-B9F3-3D89AAA2F374}"
EndProject
Project("{FAE04EC0-301F-11D3-BF4B-00C04F79EFBC}") = "PrescripshunLib", "PrescripshunLib\PrescripshunLib.csproj", "{BB58E40B-0B79-4355-8168-54BC6F336C2E}"
EndProject
Global
	GlobalSection(SolutionConfigurationPlatforms) = preSolution
		Debug|Any CPU = Debug|Any CPU
		Release|Any CPU = Release|Any CPU
	EndGlobalSection
	GlobalSection(ProjectConfigurationPlatforms) = postSolution
		{E63C31FB-078E-4935-8AA6-8BBB34957C1A}.Debug|Any CPU.ActiveCfg = Debug|Any CPU
		{E63C31FB-078E-4935-8AA6-8BBB34957C1A}.Debug|Any CPU.Build.0 = Debug|Any CPU
		{E63C31FB-078E-4935-8AA6-8BBB34957C1A}.Release|Any CPU.ActiveCfg = Release|Any CPU
		{E63C31FB-078E-4935-8AA6-8BBB34957C1A}.Release|Any CPU.Build.0 = Release|Any CPU
		{428BCDAE-730F-43EA-B9F3-3D89AAA2F374}.Debug|Any CPU.ActiveCfg = Debug|Any CPU
		{428BCDAE-730F-43EA-B9F3-3D89AAA2F374}.Debug|Any CPU.Build.0 = Debug|Any CPU
		{428BCDAE-730F-43EA-B9F3-3D89AAA2F374}.Release|Any CPU.ActiveCfg = Release|Any CPU
		{428BCDAE-730F-43EA-B9F3-3D89AAA2F374}.Release|Any CPU.Build.0 = Release|Any CPU
		{BB58E40B-0B79-4355-8168-54BC6F336C2E}.Debug|Any CPU.ActiveCfg = Debug|Any CPU
		{BB58E40B-0B79-4355-8168-54BC6F336C2E}.Debug|Any CPU.Build.0 = Debug|Any CPU
		{BB58E40B-0B79-4355-8168-54BC6F336C2E}.Release|Any CPU.ActiveCfg = Release|Any CPU
		{BB58E40B-0B79-4355-8168-54BC6F336C2E}.Release|Any CPU.Build.0 = Release|Any CPU
	EndGlobalSection
	GlobalSection(SolutionProperties) = preSolution
		HideSolutionNode = FALSE
	EndGlobalSection
	GlobalSection(ExtensibilityGlobals) = postSolution
		SolutionGuid = {B4D6B0B1-1740-48CA-8F66-C71A2810C99B}
	EndGlobalSection
EndGlobal
